github.com/Shopify/sarama v1.11.0 h1:JD701r42hP1ms1uytUMa34jZgoddt0XhiElhJt+2ERE=
github.com/Shopify/sarama v1.11.0/go.mod h1:FVkBWblsNy7DGZRfXLU0O9RCGt5g3g3yEuWXgklEdEo=
github.com/Sirupsen/logrus v0.11.6-0.20170317143214-10f801ebc38b h1:Te9lwB9tkxZ4kq7A3PjvtJsWvq+68hQfzE32q31xt+I=
github.com/Sirupsen/logrus v0.11.6-0.20170317143214-10f801ebc38b/go.mod h1:rmk17hk6i8ZSAJkSDa7nOxamrG+SP4P0mm+DAvExv4U=
github.com/afex/hystrix-go v0.0.0-20160615205002-39520ddd07a9/go.mod h1:SkGFH1ia65gfNATL8TAiHDNxPzPdmEL5uirI2Uyuz6c=
github.com/apache/thrift v0.0.0-20170117181433-e0ccbd6e62e1 h1:/zRzFjR508sByALh8CCSrHgRc1Up1ZOXbzlwipw4dHQ=
github.com/apache/thrift v0.0.0-20170117181433-e0ccbd6e62e1/go.mod h1:cp2SuWMxlEZw2r+iP2GNCdIi4C1qmUzdZFSVb+bacwQ=
github.com/armon/go-radix v1.0.0/go.mod h1:ufUuZ+zHj4x4TnLV4JWEpy2hxWSpsRywHrMgIH9cCH8=
github.com/beorn7/perks v0.0.0-20160804104726-4c0e84591b9a h1:BtpsbiV638WQZwhA98cEZw2BsbnQJrbd0BI7tsy0W1c=
github.com/beorn7/perks v0.0.0-20160804104726-4c0e84591b9a/go.mod h1:Dwedo/Wpr24TaqPxmxbtue+5NUziq4I4S80YR8gNf3Q=
github.com/cucumber/godog v0.8.1/go.mod h1:vSh3r/lM+psC1BPXvdkSEuNjmXfpVqrMGYAElF6hxnA=
github.com/davecgh/go-spew v1.1.0/go.mod h1:J7Y8YcW2NihsgmVo/mv3lAwl/skON4iLHjSsI+c5H38=
github.com/davecgh/go-spew v1.1.1 h1:vj9j/u1bqnvCEfJOwUhtlOARqs3+rkHYY13jYWTU97c=
github.com/davecgh/go-spew v1.1.1/go.mod h1:J7Y8YcW2NihsgmVo/mv3lAwl/skON4iLHjSsI+c5H38=
github.com/eapache/go-resiliency v1.0.1-0.20160104191539-b86b1ec0dd42 h1:6obbp/qkZVAZ9jiUZFo5Oa+TXX2ztNDFYdVUUd9z7Cw=
github.com/eapache/go-resiliency v1.0.1-0.20160104191539-b86b1ec0dd42/go.mod h1:kFI+JgMyC7bLPUVY133qvEBtVayf5mFgVsvEsIPBvNs=
github.com/eapache/go-xerial-snappy v0.0.0-20160609142408-bb955e01b934 h1:oGLoaVIefp3tiOgi7+KInR/nNPvEpPM6GFo+El7fd14=
github.com/eapache/go-xerial-snappy v0.0.0-20160609142408-bb955e01b934/go.mod h1:+020luEh2TKB4/GOp8oxxtq0Daoen/Cii55CzbTV6DU=
github.com/eapache/queue v1.1.0 h1:YOEu7KNc61ntiQlcEeUIoDTJ2o8mQznoNvUhiigpIqc=
github.com/eapache/queue v1.1.0/go.mod h1:6eCeP0CKFpHLu8blIFXhExK/dRa7WDZfr6jVFPTqq+I=
github.com/elastic/go-sysinfo v1.1.1/go.mod h1:i1ZYdU10oLNfRzq4vq62BEwD2fH8KaWh6eh0ikPT9F0=
github.com/elastic/go-windows v1.0.0/go.mod h1:TsU0Nrp7/y3+VwE82FoZF8gC/XFg/Elz6CcloAxnPgU=
github.com/felixge/httpsnoop v0.0.0-20161125085600-287b56e9e314/go.mod h1:3+D9sFq0ahK/JeJPhCBUV1xlf4/eIYrUQaxulT0VzX8=
github.com/go-kit/kit v0.4.0 h1:KeVK+Emj3c3S4eRztFuzbFYb2BAgf2jmwDwyXEri7Lo=
github.com/go-kit/kit v0.4.0/go.mod h1:xBxKIO96dXMWWy0MnWVtmwkA9/13aqxPnvrjFYMA2as=
github.com/go-logfmt/logfmt v0.2.1-0.20160601130801-d4327190ff83 h1:WEFlTYvIQSd2ofUwgM9nOR+KTzdG/pLZzdUlDp6mciM=
github.com/go-logfmt/logfmt v0.2.1-0.20160601130801-d4327190ff83/go.mod h1:Qt1PoO58o5twSAckw1HlFXLmHsOX5/0LbT9GBnD5lWE=
github.com/go-stack/stack v1.5.2 h1:5sTB/0oZM2O31k/N1IRwxxVXzLIt5NF2Aqx/2gWI9OY=
github.com/go-stack/stack v1.5.2/go.mod h1:v0f6uXyyMGvRgIKkXu+yp6POWl0qKG85gN/melR3HDY=
github.com/gogo/protobuf v0.0.0-20170104202138-f9114dace7bd h1:j7++5EKV9T7ZC1rCFY2RGz+PqXWl/oPotw2o1d+hR8E=
github.com/gogo/protobuf v0.0.0-20170104202138-f9114dace7bd/go.mod h1:r8qH/GZQm5c6nD/R0oafs1akxWv10x8SbQlK7atdtwQ=
github.com/golang/protobuf v0.0.0-20160829194233-1f49d83d9aa0 h1:80TTswsNQ80smEffZo/oPOnqP1EA59ZP8C2GGfcL7Us=
github.com/golang/protobuf v0.0.0-20160829194233-1f49d83d9aa0/go.mod h1:6lQm79b+lXiMfvg/cZm0SGofjICqVBUtrP5yJMmIC1U=
github.com/golang/snappy v0.0.0-20160529050041-d9eb7a3d35ec h1:ZaSUjYC8aWT/om43c8YVz0SqjT8ABtqw7REbZGsCroE=
github.com/golang/snappy v0.0.0-20160529050041-d9eb7a3d35ec/go.mod h1:/XxbfmMg8lxefKM7IXC3fBNl/7bRcc72aCRzEWrmP2Q=
github.com/google/go-cmp v0.3.0/go.mod h1:8QqcDgzrUqlUb/G2PQTWiueGozuR1884gddMywk6iLU=
github.com/google/go-cmp v0.3.1/go.mod h1:8QqcDgzrUqlUb/G2PQTWiueGozuR1884gddMywk6iLU=
github.com/gorilla/context v1.1.1 h1:AWwleXJkX/nhcU9bZSnZoi3h/qGYqQAGhq6zZe/aQW8=
github.com/gorilla/context v1.1.1/go.mod h1:kBGZzfjB9CEq2AlWe17Uuf7NDRt0dE0s8S51q0aT7Yg=
github.com/gorilla/mux v0.0.0-20160816184630-cf79e51a62d8 h1:I8uk/hpK+5UVhrha/fbkkMLN2PwwklRyEOYg0hQugHo=
github.com/gorilla/mux v0.0.0-20160816184630-cf79e51a62d8/go.mod h1:1lud6UwP+6orDFRuTfBEV8e9/aOM/c4fVVCaMa2zaAs=
github.com/jessevdk/go-flags v1.4.0/go.mod h1:4FA24M0QyGHXBuZZK/XkWh8h0e1EYbRYJSGM75WSRxI=
github.com/joeshaw/multierror v0.0.0-20140124173710-69b34d4ec901/go.mod h1:Z86h9688Y0wesXCyonoVr47MasHilkuLMqGhRZ4Hpak=
github.com/klauspost/crc32 v0.0.0-20161016154125-cb6bfca970f6 h1:KAZ1BW2TCmT6PRihDPpocIy1QTtsAsrx6TneU/4+CMg=
github.com/klauspost/crc32 v0.0.0-20161016154125-cb6bfca970f6/go.mod h1:+ZoRqAPRLkC4NPOvfYeR5KNOrY6TD+/sAC3HXPZgDYg=
github.com/kr/logfmt v0.0.0-20140226030751-b84e30acd515 h1:T+h1c/A9Gawja4Y9mFVWj2vyii2bbUNDw3kt9VxK2EY=
github.com/kr/logfmt v0.0.0-20140226030751-b84e30acd515/go.mod h1:+0opPa2QZZtGFBFZlji/RkVcI2GknAs/DXo4wKdlNEc=
github.com/kr/pretty v0.1.0/go.mod h1:dAy3ld7l9f0ibDNOQOHHMYYIIbhfbHSm3C4ZsoJORNo=
github.com/kr/pty v1.1.1/go.mod h1:pFQYn66WHrOpPYNljwOMqo10TkYh1fy3cYio2l3bCsQ=
github.com/kr/text v0.1.0/go.mod h1:4Jbv+DJW3UT/LiOwJeYQe1efqtUx/iVham/4vfdArNI=
github.com/matttproud/golang_protobuf_extensions v1.0.1 h1:4hp9jkHxhMHkqkrB3Ix0jegS5sx/RkqARlsWZ6pIwiU=
github.com/matttproud/golang_protobuf_extensions v1.0.1/go.mod h1:D8He9yQNgCq6Z5Ld7szi9bcBfOoFv/3dc6xSMkL2PC0=
github.com/microservices-demo/user v0.0.0-20210126124737-ea7bc23723af h1:SInWxjbw/Kt/HN8ewFB3IxFsI7rQ+H2HM0fVaAunqRE=
github.com/microservices-demo/user v0.0.0-20210126124737-ea7bc23723af/go.mod h1:v9AHUSLbQcIyfPtnP5noSGgHvqCZQQDTPh2FZLEFFNE=
github.com/opentracing/opentracing-go v1.0.1-0.20161231212324-5e5abf838007 h1:Vu6avUdp6HqiEKQaBGtkEmKhwd+FftyTOLkxZ08Ocsk=
github.com/opentracing/opentracing-go v1.0.1-0.20161231212324-5e5abf838007/go.mod h1:UkNAQd3GIcIGf0SeVgPpRdFStlNbqXla1AfSYxPUl2o=
github.com/openzipkin/zipkin-go-opentracing v0.2.2 h1:2PLiliCVlagg3bi13LIEfABAoNCJ9vrXxY2HLbPKztk=
github.com/openzipkin/zipkin-go-opentracing v0.2.2/go.mod h1:js2AbwmHW0YD9DwIw2JhQWmbfFi/UnWyYwdVhqbCDOE=
github.com/pierrec/lz4 v0.0.0-20161206202305-5c9560bfa9ac h1:tKcxwAA5OHUQjL6sWsuCIcP9OnzN+RwKfvomtIOsfy8=
github.com/pierrec/lz4 v0.0.0-20161206202305-5c9560bfa9ac/go.mod h1:pdkljMzZIN41W+lC3N2tnIh5sFi+IEE17M5jbnwPHcY=
github.com/pierrec/xxHash v0.0.0-20160112165351-5a004441f897 h1:jp3jc/PyyTrTKjJJ6rWnhTbmo7tGgBFyG9AL5FIrO1I=
github.com/pierrec/xxHash v0.0.0-20160112165351-5a004441f897/go.mod h1:w2waW5Zoa/Wc4Yqe0wgrIYAGKqRMf7czn2HNKXmuL+I=
github.com/pkg/errors v0.8.0/go.mod h1:bwawxfHBFNV+L2hUp1rHADufV3IMtnDRdf1r5NINEl0=
github.com/pkg/errors v0.8.1/go.mod h1:bwawxfHBFNV+L2hUp1rHADufV3IMtnDRdf1r5NINEl0=
github.com/pmezard/go-difflib v1.0.0/go.mod h1:iKH77koFhYxTK1pcRnkKkqfTogsbg7gZNVY4sRDYZ/4=
github.com/prometheus/client_golang v0.8.1-0.20160916180340-5636dc67ae77 h1:YXoHPWLq9PIcMoZg7znMmEzqYHBszdXSemwGQRJoiSk=
github.com/prometheus/client_golang v0.8.1-0.20160916180340-5636dc67ae77/go.mod h1:7SWBe2y4D6OKWSNQJUaRYU/AaXPKyh/dDVn+NZz0KFw=
github.com/prometheus/client_model v0.0.0-20150212101744-fa8ad6fec335 h1:0E/5GnGmzoDCtmzTycjGDWW33H0UBmAhR0h+FC8hWLs=
github.com/prometheus/client_model v0.0.0-20150212101744-fa8ad6fec335/go.mod h1:MbSGuTsp3dbXC40dX6PRTWyKYBIrTGTE9sqQNg2J8bo=
github.com/prometheus/common v0.0.0-20160917184401-9a94032291f2 h1:HF1cQAEkBE9vUCNwR7MM+RzhlhCcVI81h3IC8jWSncs=
github.com/prometheus/common v0.0.0-20160917184401-9a94032291f2/go.mod h1:daVV7qP5qjZbuso7PdcryaAu0sAZbrN9i7WWcTMWvro=
github.com/prometheus/procfs v0.0.0-20160411190841-abf152e5f3e9/go.mod h1:c3At6R/oaqEKCNdg8wHV1ftS6bRYblBhIjjI8uT2IGk=
github.com/prometheus/procfs v0.0.0-20190425082905-87a4384529e0/go.mod h1:TjEm7ze935MbeOT/UhFTIMYKhuLP4wbCsTZCD3I8kEA=
github.com/prometheus/procfs v0.0.3 h1:CTwfnzjQ+8dS6MhHHu4YswVAD99sL2wjPqP+VkURmKE=
github.com/prometheus/procfs v0.0.3/go.mod h1:4A/X28fw3Fc593LaREMrKMqOKvUAntwMDaekg4FpcdQ=
github.com/rcrowley/go-metrics v0.0.0-20161128210544-1f30fe9094a5 h1:gwcdIpH6NU2iF8CmcqD+CP6+1CkRBOhHaPR+iu6raBY=
github.com/rcrowley/go-metrics v0.0.0-20161128210544-1f30fe9094a5/go.mod h1:bCqnVzQkZxMG4s8nGwiZ5l3QUCyqpo9Y+/ZMZ9VjZe4=
github.com/santhosh-tekuri/jsonschema v1.2.4/go.mod h1:TEAUOeZSmIxTTuHatJzrvARHiuO9LYd+cIxzgEHCQI4=
github.com/stretchr/objx v0.1.0/go.mod h1:HFkY916IF+rwdDfMAkV7OtwuqBVzrE8GR6GFx+wExME=
github.com/stretchr/testify v1.3.0/go.mod h1:M5WIy9Dh21IEIfnGCwXGc5bZfKNJtfHm1UVUgZn+9EI=
github.com/stretchr/testify v1.4.0/go.mod h1:j7eGeouHqKxXV5pUuKE4zz7dFj8WfuZ+81PSLYec5m4=
github.com/weaveworks/common v0.0.0-20170321114712-f94043b3da14 h1:ZGVMFdrTHz0tgb6DzqFRvacoiNpnrYeeui91mrL+RlA=
github.com/weaveworks/common v0.0.0-20170321114712-f94043b3da14/go.mod h1:pSm+0KR57BG3pvGoJWFXJSAC7+sEPewcvdt5StevL3A=
github.com/yuin/goldmark v1.1.27/go.mod h1:3hX8gzYuyVAZsxl0MRgGTJEmQBFcNTphYh9decYSb74=
go.elastic.co/apm v1.11.0/go.mod h1:qoOSi09pnzJDh5fKnfY7bPmQgl8yl2tULdOu03xhui0=
go.elastic.co/fastjson v1.1.0/go.mod h1:boNGISWMjQsUPy/t6yqt2/1Wx4YNPSe+mZjlyw9vKKI=
golang.org/x/crypto v0.0.0-20190308221718-c2843e01d9a2/go.mod h1:djNgcEr1/C05ACkg1iLfiJU5Ep61QUkGW8qpdssI0+w=
golang.org/x/crypto v0.0.0-20191011191535-87dc89f01550/go.mod h1:yigFU9vqHzYiE8UmvKecakEJjdnWj3jj499lnFckfCI=
golang.org/x/mod v0.2.0/go.mod h1:s0Qsj1ACt9ePp/hMypM3fl4fZqREWJwdYDEqhRiZZUA=
golang.org/x/net v0.0.0-20160819232638-7394c112eae4/go.mod h1:mL1N/T3taQHkDXs73rZJwtUhF3w3ftmwwsq0BUmARs4=
golang.org/x/net v0.0.0-20190404232315-eb5bcb51f2a3/go.mod h1:t9HGtf8HONx5eT2rtn7q6eTqICYqUVnKs3thJo3Qplg=
golang.org/x/net v0.0.0-20190620200207-3b0461eec859/go.mod h1:z5CRVTTTmAJ677TzLLGU+0bjPO0LkuOLi4/5GtJWs/s=
golang.org/x/net v0.0.0-20200226121028-0de0cce0169b h1:0mm1VjtFUOIlE1SbDlwjYaDxZVDP2S5ou6y0gSgXHu8=
golang.org/x/net v0.0.0-20200226121028-0de0cce0169b/go.mod h1:z5CRVTTTmAJ677TzLLGU+0bjPO0LkuOLi4/5GtJWs/s=
golang.org/x/sync v0.0.0-20181221193216-37e7f081c4d4/go.mod h1:RxMgew5VJxzue5/jJTE5uejpjVlOe/izrB70Jof72aM=
golang.org/x/sync v0.0.0-20190423024810-112230192c58/go.mod h1:RxMgew5VJxzue5/jJTE5uejpjVlOe/izrB70Jof72aM=
golang.org/x/sync v0.0.0-20190911185100-cd5d95a43a6e/go.mod h1:RxMgew5VJxzue5/jJTE5uejpjVlOe/izrB70Jof72aM=
golang.org/x/sys v0.0.0-20170308153327-99f16d856c98/go.mod h1:STP8DvDyc/dI5b8T5hshtkjS+E42TnysNCUPdjciGhY=
golang.org/x/sys v0.0.0-20190215142949-d0b11bdaac8a/go.mod h1:STP8DvDyc/dI5b8T5hshtkjS+E42TnysNCUPdjciGhY=
golang.org/x/sys v0.0.0-20190412213103-97732733099d/go.mod h1:h1NjWce9XRLGQEsW7wpKNCjG9DtNlClVuFLEZdDNbEs=
golang.org/x/sys v0.0.0-20191025021431-6c3a3bfe00ae/go.mod h1:h1NjWce9XRLGQEsW7wpKNCjG9DtNlClVuFLEZdDNbEs=
golang.org/x/sys v0.0.0-20191204072324-ce4227a45e2e h1:9vRrk9YW2BTzLP0VCB9ZDjU4cPqkg+IDWL7XgxA1yxQ=
golang.org/x/sys v0.0.0-20191204072324-ce4227a45e2e/go.mod h1:h1NjWce9XRLGQEsW7wpKNCjG9DtNlClVuFLEZdDNbEs=
golang.org/x/text v0.3.0 h1:g61tztE5qeGQ89tm6NTjjM9VPIm088od1l6aSorWRWg=
golang.org/x/text v0.3.0/go.mod h1:NqM8EUOU14njkJ3fqMW+pc6Ldnwhi/IjpwHt7yyuwOQ=
golang.org/x/tools v0.0.0-20191119224855-298f0cb1881e/go.mod h1:b+2E5dAYhXwXZwtnZ6UAqBI28+e2cm9otk0dWdXHAEo=
golang.org/x/tools v0.0.0-20200509030707-2212a7e161a5/go.mod h1:EkVYQZoAsY45+roYkvgYkIh4xh/qjgUK9TdY2XT94GE=
golang.org/x/xerrors v0.0.0-20190717185122-a985d3407aa7/go.mod h1:I/5z698sn9Ka8TeJc9MKroUUfqBBauWjQqLJ2OPfmY0=
golang.org/x/xerrors v0.0.0-20191011141410-1b5146add898/go.mod h1:I/5z698sn9Ka8TeJc9MKroUUfqBBauWjQqLJ2OPfmY0=
golang.org/x/xerrors v0.0.0-20191204190536-9bdfabe68543/go.mod h1:I/5z698sn9Ka8TeJc9MKroUUfqBBauWjQqLJ2OPfmY0=
google.golang.org/grpc v1.0.6-0.20170111191052-50955793b018 h1:amWD39E8UV9xZU/JbBdpzfQW86dkJaQXGuf7O5YcEws=
google.golang.org/grpc v1.0.6-0.20170111191052-50955793b018/go.mod h1:yo6s7OP7yaDglbqo1J04qKzAhqBH6lvTonzMVmEdcZw=
gopkg.in/check.v1 v0.0.0-20161208181325-20d25e280405/go.mod h1:Co6ibVJAznAaIkqp8huTwlJQCZ016jof/cbN4VW5Yz0=
gopkg.in/check.v1 v1.0.0-20180628173108-788fd7840127/go.mod h1:Co6ibVJAznAaIkqp8huTwlJQCZ016jof/cbN4VW5Yz0=
gopkg.in/mgo.v2 v2.0.0-20160818020120-3f83fa500528 h1:/saqWwm73dLmuzbNhe92F0QsZ/KiFND+esHco2v1hiY=
gopkg.in/mgo.v2 v2.0.0-20160818020120-3f83fa500528/go.mod h1:yeKp02qBN3iKW1OzL3MGk2IdtZzaj7SFntXj72NppTA=
gopkg.in/tomb.v2 v2.0.0-20140626144623-14b3d72120e8 h1:EQ3aCG3c3nkUNxx6quE0Ux47RYExj7cJyRMxUXqPf6I=
gopkg.in/tomb.v2 v2.0.0-20140626144623-14b3d72120e8/go.mod h1:BHsqpu/nsuzkT5BpiH1EMZPLyqSMM8JbIavyFACoFNk=
gopkg.in/yaml.v2 v2.2.1/go.mod h1:hI93XBmqTisBFMUTm0b8Fm+jr3Dg1NNxqwp+5A1VGuI=
gopkg.in/yaml.v2 v2.2.2/go.mod h1:hI93XBmqTisBFMUTm0b8Fm+jr3Dg1NNxqwp+5A1VGuI=
howett.net/plist v0.0.0-20181124034731-591f970eefbb/go.mod h1:vMygbs4qMhSZSc4lCUl2OEE+rDiIIJAIdR4m7MiMcm0=
